// !$*UTF8*$!
{
	archiveVersion = 1;
	classes = {
	};
	objectVersion = 46;
	objects = {

/* Begin PBXBuildFile section */
		AB2488441AC884B700F3A75F /* AppDelegate.swift in Sources */ = {isa = PBXBuildFile; fileRef = AB2488431AC884B700F3A75F /* AppDelegate.swift */; };
		AB2488461AC884B700F3A75F /* StationsViewController.swift in Sources */ = {isa = PBXBuildFile; fileRef = AB2488451AC884B700F3A75F /* StationsViewController.swift */; };
		AB2488481AC884B700F3A75F /* CalendarViewController.swift in Sources */ = {isa = PBXBuildFile; fileRef = AB2488471AC884B700F3A75F /* CalendarViewController.swift */; };
		AB24884B1AC884B700F3A75F /* Main.storyboard in Resources */ = {isa = PBXBuildFile; fileRef = AB2488491AC884B700F3A75F /* Main.storyboard */; };
		AB24884D1AC884B700F3A75F /* Images.xcassets in Resources */ = {isa = PBXBuildFile; fileRef = AB24884C1AC884B700F3A75F /* Images.xcassets */; };
		AB2488501AC884B700F3A75F /* LaunchScreen.xib in Resources */ = {isa = PBXBuildFile; fileRef = AB24884E1AC884B700F3A75F /* LaunchScreen.xib */; };
		AB24885C1AC884B700F3A75F /* VibeKeyOpenTests.swift in Sources */ = {isa = PBXBuildFile; fileRef = AB24885B1AC884B700F3A75F /* VibeKeyOpenTests.swift */; };
		AB24886D1AC889BA00F3A75F /* radio.png in Resources */ = {isa = PBXBuildFile; fileRef = AB24886C1AC889BA00F3A75F /* radio.png */; };
		AB24886F1AC88A7200F3A75F /* calendar.png in Resources */ = {isa = PBXBuildFile; fileRef = AB24886E1AC88A7200F3A75F /* calendar.png */; };
		AB2488721AC88E7D00F3A75F /* now_playing.png in Resources */ = {isa = PBXBuildFile; fileRef = AB2488711AC88E7D00F3A75F /* now_playing.png */; };
		AB2488741AC893A500F3A75F /* volume_off.png in Resources */ = {isa = PBXBuildFile; fileRef = AB2488731AC893A500F3A75F /* volume_off.png */; };
		AB2488761AC893A900F3A75F /* volume_up.png in Resources */ = {isa = PBXBuildFile; fileRef = AB2488751AC893A900F3A75F /* volume_up.png */; };
		AB2488781AC897F300F3A75F /* wmhd.png in Resources */ = {isa = PBXBuildFile; fileRef = AB2488771AC897F300F3A75F /* wmhd.png */; };
		AB24887A1AC89AC400F3A75F /* thumbs_up.png in Resources */ = {isa = PBXBuildFile; fileRef = AB2488791AC89AC400F3A75F /* thumbs_up.png */; };
		AB24887C1AC89AC800F3A75F /* thumbs_down.png in Resources */ = {isa = PBXBuildFile; fileRef = AB24887B1AC89AC800F3A75F /* thumbs_down.png */; };
		AB24887E1AC89B9900F3A75F /* play_button.png in Resources */ = {isa = PBXBuildFile; fileRef = AB24887D1AC89B9900F3A75F /* play_button.png */; };
		AB2488801AC89C5800F3A75F /* pause_button.png in Resources */ = {isa = PBXBuildFile; fileRef = AB24887F1AC89C5800F3A75F /* pause_button.png */; };
		AB2488841AC89CB700F3A75F /* NowPlayingViewController.swift in Sources */ = {isa = PBXBuildFile; fileRef = AB2488831AC89CB700F3A75F /* NowPlayingViewController.swift */; };
		AB595F741AC9AC0000AB1141 /* search.png in Resources */ = {isa = PBXBuildFile; fileRef = AB595F731AC9ABFF00AB1141 /* search.png */; };
		AB595F761AC9AC9A00AB1141 /* accounts.png in Resources */ = {isa = PBXBuildFile; fileRef = AB595F751AC9AC9A00AB1141 /* accounts.png */; };
		AB595F781AC9AD9600AB1141 /* gears.png in Resources */ = {isa = PBXBuildFile; fileRef = AB595F771AC9AD9600AB1141 /* gears.png */; };
		AB7E1E0B1ACB0BF8006C0478 /* RadioPlayerViewController.m in Sources */ = {isa = PBXBuildFile; fileRef = AB7E1E0A1ACB0BF8006C0478 /* RadioPlayerViewController.m */; };
		AB7E1E0D1ACB0E3C006C0478 /* PayNoMind.mp3 in Resources */ = {isa = PBXBuildFile; fileRef = AB7E1E0C1ACB0E3C006C0478 /* PayNoMind.mp3 */; };
		AB7E1E0F1ACB0F17006C0478 /* AVKit.framework in Frameworks */ = {isa = PBXBuildFile; fileRef = AB7E1E0E1ACB0F17006C0478 /* AVKit.framework */; };
		AB7E1E111ACB0F65006C0478 /* AudioToolbox.framework in Frameworks */ = {isa = PBXBuildFile; fileRef = AB7E1E101ACB0F65006C0478 /* AudioToolbox.framework */; };
		AB7E1E131ACB0FA7006C0478 /* AVFoundation.framework in Frameworks */ = {isa = PBXBuildFile; fileRef = AB7E1E121ACB0FA7006C0478 /* AVFoundation.framework */; };
		AB7E1E181ACB14F0006C0478 /* upvote.png in Resources */ = {isa = PBXBuildFile; fileRef = AB7E1E171ACB14EF006C0478 /* upvote.png */; };
		AB7E1E1A1ACB1833006C0478 /* downvote.png in Resources */ = {isa = PBXBuildFile; fileRef = AB7E1E191ACB1833006C0478 /* downvote.png */; };
		AB9A41EE1ACC6DEE005C3BBB /* audio_queue.cpp in Sources */ = {isa = PBXBuildFile; fileRef = AB9A41DC1ACC6DEE005C3BBB /* audio_queue.cpp */; };
		AB9A41EF1ACC6DEE005C3BBB /* audio_stream.cpp in Sources */ = {isa = PBXBuildFile; fileRef = AB9A41DE1ACC6DEE005C3BBB /* audio_stream.cpp */; };
		AB9A41F01ACC6DEE005C3BBB /* caching_stream.cpp in Sources */ = {isa = PBXBuildFile; fileRef = AB9A41E01ACC6DEE005C3BBB /* caching_stream.cpp */; };
		AB9A41F11ACC6DEE005C3BBB /* file_output.cpp in Sources */ = {isa = PBXBuildFile; fileRef = AB9A41E21ACC6DEE005C3BBB /* file_output.cpp */; };
		AB9A41F21ACC6DEE005C3BBB /* file_stream.cpp in Sources */ = {isa = PBXBuildFile; fileRef = AB9A41E41ACC6DEE005C3BBB /* file_stream.cpp */; };
		AB9A41F31ACC6DEE005C3BBB /* http_stream.cpp in Sources */ = {isa = PBXBuildFile; fileRef = AB9A41E61ACC6DEE005C3BBB /* http_stream.cpp */; };
		AB9A41F41ACC6DEE005C3BBB /* id3_parser.cpp in Sources */ = {isa = PBXBuildFile; fileRef = AB9A41E81ACC6DEE005C3BBB /* id3_parser.cpp */; };
		AB9A41F51ACC6DEE005C3BBB /* input_stream.cpp in Sources */ = {isa = PBXBuildFile; fileRef = AB9A41EA1ACC6DEE005C3BBB /* input_stream.cpp */; };
		AB9A41F61ACC6DEE005C3BBB /* stream_configuration.cpp in Sources */ = {isa = PBXBuildFile; fileRef = AB9A41EC1ACC6DEE005C3BBB /* stream_configuration.cpp */; };
		AB9A42061ACC6EAD005C3BBB /* FSAudioController.m in Sources */ = {isa = PBXBuildFile; fileRef = AB9A41F91ACC6EAD005C3BBB /* FSAudioController.m */; };
		AB9A42071ACC6EAD005C3BBB /* FSAudioStream.mm in Sources */ = {isa = PBXBuildFile; fileRef = AB9A41FB1ACC6EAD005C3BBB /* FSAudioStream.mm */; };
		AB9A42081ACC6EAD005C3BBB /* FSCheckContentTypeRequest.m in Sources */ = {isa = PBXBuildFile; fileRef = AB9A41FD1ACC6EAD005C3BBB /* FSCheckContentTypeRequest.m */; };
		AB9A42091ACC6EAD005C3BBB /* FSParsePlaylistRequest.m in Sources */ = {isa = PBXBuildFile; fileRef = AB9A41FF1ACC6EAD005C3BBB /* FSParsePlaylistRequest.m */; };
		AB9A420A1ACC6EAD005C3BBB /* FSParseRssPodcastFeedRequest.m in Sources */ = {isa = PBXBuildFile; fileRef = AB9A42011ACC6EAD005C3BBB /* FSParseRssPodcastFeedRequest.m */; };
		AB9A420B1ACC6EAD005C3BBB /* FSPlaylistItem.m in Sources */ = {isa = PBXBuildFile; fileRef = AB9A42031ACC6EAD005C3BBB /* FSPlaylistItem.m */; };
		AB9A420C1ACC6EAD005C3BBB /* FSXMLHttpRequest.m in Sources */ = {isa = PBXBuildFile; fileRef = AB9A42051ACC6EAD005C3BBB /* FSXMLHttpRequest.m */; };
/* End PBXBuildFile section */

/* Begin PBXContainerItemProxy section */
		AB2488561AC884B700F3A75F /* PBXContainerItemProxy */ = {
			isa = PBXContainerItemProxy;
			containerPortal = AB2488361AC884B700F3A75F /* Project object */;
			proxyType = 1;
			remoteGlobalIDString = AB24883D1AC884B700F3A75F;
			remoteInfo = VibeKeyOpen;
		};
/* End PBXContainerItemProxy section */

/* Begin PBXFileReference section */
		AB24883E1AC884B700F3A75F /* VibeKeyOpen.app */ = {isa = PBXFileReference; explicitFileType = wrapper.application; includeInIndex = 0; path = VibeKeyOpen.app; sourceTree = BUILT_PRODUCTS_DIR; };
		AB2488421AC884B700F3A75F /* Info.plist */ = {isa = PBXFileReference; lastKnownFileType = text.plist.xml; path = Info.plist; sourceTree = "<group>"; };
		AB2488431AC884B700F3A75F /* AppDelegate.swift */ = {isa = PBXFileReference; lastKnownFileType = sourcecode.swift; path = AppDelegate.swift; sourceTree = "<group>"; };
		AB2488451AC884B700F3A75F /* StationsViewController.swift */ = {isa = PBXFileReference; lastKnownFileType = sourcecode.swift; path = StationsViewController.swift; sourceTree = "<group>"; };
		AB2488471AC884B700F3A75F /* CalendarViewController.swift */ = {isa = PBXFileReference; lastKnownFileType = sourcecode.swift; path = CalendarViewController.swift; sourceTree = "<group>"; };
		AB24884A1AC884B700F3A75F /* Base */ = {isa = PBXFileReference; lastKnownFileType = file.storyboard; name = Base; path = Base.lproj/Main.storyboard; sourceTree = "<group>"; };
		AB24884C1AC884B700F3A75F /* Images.xcassets */ = {isa = PBXFileReference; lastKnownFileType = folder.assetcatalog; path = Images.xcassets; sourceTree = "<group>"; };
		AB24884F1AC884B700F3A75F /* Base */ = {isa = PBXFileReference; lastKnownFileType = file.xib; name = Base; path = Base.lproj/LaunchScreen.xib; sourceTree = "<group>"; };
		AB2488551AC884B700F3A75F /* VibeKeyOpenTests.xctest */ = {isa = PBXFileReference; explicitFileType = wrapper.cfbundle; includeInIndex = 0; path = VibeKeyOpenTests.xctest; sourceTree = BUILT_PRODUCTS_DIR; };
		AB24885A1AC884B700F3A75F /* Info.plist */ = {isa = PBXFileReference; lastKnownFileType = text.plist.xml; path = Info.plist; sourceTree = "<group>"; };
		AB24885B1AC884B700F3A75F /* VibeKeyOpenTests.swift */ = {isa = PBXFileReference; lastKnownFileType = sourcecode.swift; path = VibeKeyOpenTests.swift; sourceTree = "<group>"; };
		AB24886C1AC889BA00F3A75F /* radio.png */ = {isa = PBXFileReference; lastKnownFileType = image.png; path = radio.png; sourceTree = "<group>"; };
		AB24886E1AC88A7200F3A75F /* calendar.png */ = {isa = PBXFileReference; lastKnownFileType = image.png; path = calendar.png; sourceTree = "<group>"; };
		AB2488711AC88E7D00F3A75F /* now_playing.png */ = {isa = PBXFileReference; lastKnownFileType = image.png; path = now_playing.png; sourceTree = "<group>"; };
		AB2488731AC893A500F3A75F /* volume_off.png */ = {isa = PBXFileReference; lastKnownFileType = image.png; path = volume_off.png; sourceTree = "<group>"; };
		AB2488751AC893A900F3A75F /* volume_up.png */ = {isa = PBXFileReference; lastKnownFileType = image.png; path = volume_up.png; sourceTree = "<group>"; };
		AB2488771AC897F300F3A75F /* wmhd.png */ = {isa = PBXFileReference; lastKnownFileType = image.png; path = wmhd.png; sourceTree = "<group>"; };
		AB2488791AC89AC400F3A75F /* thumbs_up.png */ = {isa = PBXFileReference; lastKnownFileType = image.png; path = thumbs_up.png; sourceTree = "<group>"; };
		AB24887B1AC89AC800F3A75F /* thumbs_down.png */ = {isa = PBXFileReference; lastKnownFileType = image.png; path = thumbs_down.png; sourceTree = "<group>"; };
		AB24887D1AC89B9900F3A75F /* play_button.png */ = {isa = PBXFileReference; lastKnownFileType = image.png; path = play_button.png; sourceTree = "<group>"; };
		AB24887F1AC89C5800F3A75F /* pause_button.png */ = {isa = PBXFileReference; lastKnownFileType = image.png; path = pause_button.png; sourceTree = "<group>"; };
		AB2488831AC89CB700F3A75F /* NowPlayingViewController.swift */ = {isa = PBXFileReference; fileEncoding = 4; lastKnownFileType = sourcecode.swift; name = NowPlayingViewController.swift; path = ../NowPlayingViewController.swift; sourceTree = "<group>"; };
		AB595F731AC9ABFF00AB1141 /* search.png */ = {isa = PBXFileReference; lastKnownFileType = image.png; path = search.png; sourceTree = "<group>"; };
		AB595F751AC9AC9A00AB1141 /* accounts.png */ = {isa = PBXFileReference; lastKnownFileType = image.png; path = accounts.png; sourceTree = "<group>"; };
		AB595F771AC9AD9600AB1141 /* gears.png */ = {isa = PBXFileReference; lastKnownFileType = image.png; path = gears.png; sourceTree = "<group>"; };
		AB7E1E081ACB0BF8006C0478 /* VibeKeyOpen-Bridging-Header.h */ = {isa = PBXFileReference; lastKnownFileType = sourcecode.c.h; path = "VibeKeyOpen-Bridging-Header.h"; sourceTree = "<group>"; };
		AB7E1E091ACB0BF8006C0478 /* RadioPlayerViewController.h */ = {isa = PBXFileReference; fileEncoding = 4; lastKnownFileType = sourcecode.c.h; path = RadioPlayerViewController.h; sourceTree = "<group>"; };
		AB7E1E0A1ACB0BF8006C0478 /* RadioPlayerViewController.m */ = {isa = PBXFileReference; fileEncoding = 4; lastKnownFileType = sourcecode.c.objc; path = RadioPlayerViewController.m; sourceTree = "<group>"; };
		AB7E1E0C1ACB0E3C006C0478 /* PayNoMind.mp3 */ = {isa = PBXFileReference; lastKnownFileType = audio.mp3; path = PayNoMind.mp3; sourceTree = "<group>"; };
		AB7E1E0E1ACB0F17006C0478 /* AVKit.framework */ = {isa = PBXFileReference; lastKnownFileType = wrapper.framework; name = AVKit.framework; path = System/Library/Frameworks/AVKit.framework; sourceTree = SDKROOT; };
		AB7E1E101ACB0F65006C0478 /* AudioToolbox.framework */ = {isa = PBXFileReference; lastKnownFileType = wrapper.framework; name = AudioToolbox.framework; path = System/Library/Frameworks/AudioToolbox.framework; sourceTree = SDKROOT; };
		AB7E1E121ACB0FA7006C0478 /* AVFoundation.framework */ = {isa = PBXFileReference; lastKnownFileType = wrapper.framework; name = AVFoundation.framework; path = System/Library/Frameworks/AVFoundation.framework; sourceTree = SDKROOT; };
		AB7E1E171ACB14EF006C0478 /* upvote.png */ = {isa = PBXFileReference; lastKnownFileType = image.png; path = upvote.png; sourceTree = "<group>"; };
		AB7E1E191ACB1833006C0478 /* downvote.png */ = {isa = PBXFileReference; lastKnownFileType = image.png; path = downvote.png; sourceTree = "<group>"; };
		AB9A41DC1ACC6DEE005C3BBB /* audio_queue.cpp */ = {isa = PBXFileReference; fileEncoding = 4; lastKnownFileType = sourcecode.cpp.cpp; path = audio_queue.cpp; sourceTree = "<group>"; };
		AB9A41DD1ACC6DEE005C3BBB /* audio_queue.h */ = {isa = PBXFileReference; fileEncoding = 4; lastKnownFileType = sourcecode.c.h; path = audio_queue.h; sourceTree = "<group>"; };
		AB9A41DE1ACC6DEE005C3BBB /* audio_stream.cpp */ = {isa = PBXFileReference; fileEncoding = 4; lastKnownFileType = sourcecode.cpp.cpp; path = audio_stream.cpp; sourceTree = "<group>"; };
		AB9A41DF1ACC6DEE005C3BBB /* audio_stream.h */ = {isa = PBXFileReference; fileEncoding = 4; lastKnownFileType = sourcecode.c.h; path = audio_stream.h; sourceTree = "<group>"; };
		AB9A41E01ACC6DEE005C3BBB /* caching_stream.cpp */ = {isa = PBXFileReference; fileEncoding = 4; lastKnownFileType = sourcecode.cpp.cpp; path = caching_stream.cpp; sourceTree = "<group>"; };
		AB9A41E11ACC6DEE005C3BBB /* caching_stream.h */ = {isa = PBXFileReference; fileEncoding = 4; lastKnownFileType = sourcecode.c.h; path = caching_stream.h; sourceTree = "<group>"; };
		AB9A41E21ACC6DEE005C3BBB /* file_output.cpp */ = {isa = PBXFileReference; fileEncoding = 4; lastKnownFileType = sourcecode.cpp.cpp; path = file_output.cpp; sourceTree = "<group>"; };
		AB9A41E31ACC6DEE005C3BBB /* file_output.h */ = {isa = PBXFileReference; fileEncoding = 4; lastKnownFileType = sourcecode.c.h; path = file_output.h; sourceTree = "<group>"; };
		AB9A41E41ACC6DEE005C3BBB /* file_stream.cpp */ = {isa = PBXFileReference; fileEncoding = 4; lastKnownFileType = sourcecode.cpp.cpp; path = file_stream.cpp; sourceTree = "<group>"; };
		AB9A41E51ACC6DEE005C3BBB /* file_stream.h */ = {isa = PBXFileReference; fileEncoding = 4; lastKnownFileType = sourcecode.c.h; path = file_stream.h; sourceTree = "<group>"; };
		AB9A41E61ACC6DEE005C3BBB /* http_stream.cpp */ = {isa = PBXFileReference; fileEncoding = 4; lastKnownFileType = sourcecode.cpp.cpp; path = http_stream.cpp; sourceTree = "<group>"; };
		AB9A41E71ACC6DEE005C3BBB /* http_stream.h */ = {isa = PBXFileReference; fileEncoding = 4; lastKnownFileType = sourcecode.c.h; path = http_stream.h; sourceTree = "<group>"; };
		AB9A41E81ACC6DEE005C3BBB /* id3_parser.cpp */ = {isa = PBXFileReference; fileEncoding = 4; lastKnownFileType = sourcecode.cpp.cpp; path = id3_parser.cpp; sourceTree = "<group>"; };
		AB9A41E91ACC6DEE005C3BBB /* id3_parser.h */ = {isa = PBXFileReference; fileEncoding = 4; lastKnownFileType = sourcecode.c.h; path = id3_parser.h; sourceTree = "<group>"; };
		AB9A41EA1ACC6DEE005C3BBB /* input_stream.cpp */ = {isa = PBXFileReference; fileEncoding = 4; lastKnownFileType = sourcecode.cpp.cpp; path = input_stream.cpp; sourceTree = "<group>"; };
		AB9A41EB1ACC6DEE005C3BBB /* input_stream.h */ = {isa = PBXFileReference; fileEncoding = 4; lastKnownFileType = sourcecode.c.h; path = input_stream.h; sourceTree = "<group>"; };
		AB9A41EC1ACC6DEE005C3BBB /* stream_configuration.cpp */ = {isa = PBXFileReference; fileEncoding = 4; lastKnownFileType = sourcecode.cpp.cpp; path = stream_configuration.cpp; sourceTree = "<group>"; };
		AB9A41ED1ACC6DEE005C3BBB /* stream_configuration.h */ = {isa = PBXFileReference; fileEncoding = 4; lastKnownFileType = sourcecode.c.h; path = stream_configuration.h; sourceTree = "<group>"; };
		AB9A41F81ACC6EAD005C3BBB /* FSAudioController.h */ = {isa = PBXFileReference; fileEncoding = 4; lastKnownFileType = sourcecode.c.h; path = FSAudioController.h; sourceTree = "<group>"; };
		AB9A41F91ACC6EAD005C3BBB /* FSAudioController.m */ = {isa = PBXFileReference; fileEncoding = 4; lastKnownFileType = sourcecode.c.objc; path = FSAudioController.m; sourceTree = "<group>"; };
		AB9A41FA1ACC6EAD005C3BBB /* FSAudioStream.h */ = {isa = PBXFileReference; fileEncoding = 4; lastKnownFileType = sourcecode.c.h; path = FSAudioStream.h; sourceTree = "<group>"; };
		AB9A41FB1ACC6EAD005C3BBB /* FSAudioStream.mm */ = {isa = PBXFileReference; fileEncoding = 4; lastKnownFileType = sourcecode.cpp.objcpp; path = FSAudioStream.mm; sourceTree = "<group>"; };
		AB9A41FC1ACC6EAD005C3BBB /* FSCheckContentTypeRequest.h */ = {isa = PBXFileReference; fileEncoding = 4; lastKnownFileType = sourcecode.c.h; path = FSCheckContentTypeRequest.h; sourceTree = "<group>"; };
		AB9A41FD1ACC6EAD005C3BBB /* FSCheckContentTypeRequest.m */ = {isa = PBXFileReference; fileEncoding = 4; lastKnownFileType = sourcecode.c.objc; path = FSCheckContentTypeRequest.m; sourceTree = "<group>"; };
		AB9A41FE1ACC6EAD005C3BBB /* FSParsePlaylistRequest.h */ = {isa = PBXFileReference; fileEncoding = 4; lastKnownFileType = sourcecode.c.h; path = FSParsePlaylistRequest.h; sourceTree = "<group>"; };
		AB9A41FF1ACC6EAD005C3BBB /* FSParsePlaylistRequest.m */ = {isa = PBXFileReference; fileEncoding = 4; lastKnownFileType = sourcecode.c.objc; path = FSParsePlaylistRequest.m; sourceTree = "<group>"; };
		AB9A42001ACC6EAD005C3BBB /* FSParseRssPodcastFeedRequest.h */ = {isa = PBXFileReference; fileEncoding = 4; lastKnownFileType = sourcecode.c.h; path = FSParseRssPodcastFeedRequest.h; sourceTree = "<group>"; };
		AB9A42011ACC6EAD005C3BBB /* FSParseRssPodcastFeedRequest.m */ = {isa = PBXFileReference; fileEncoding = 4; lastKnownFileType = sourcecode.c.objc; path = FSParseRssPodcastFeedRequest.m; sourceTree = "<group>"; };
		AB9A42021ACC6EAD005C3BBB /* FSPlaylistItem.h */ = {isa = PBXFileReference; fileEncoding = 4; lastKnownFileType = sourcecode.c.h; path = FSPlaylistItem.h; sourceTree = "<group>"; };
		AB9A42031ACC6EAD005C3BBB /* FSPlaylistItem.m */ = {isa = PBXFileReference; fileEncoding = 4; lastKnownFileType = sourcecode.c.objc; path = FSPlaylistItem.m; sourceTree = "<group>"; };
		AB9A42041ACC6EAD005C3BBB /* FSXMLHttpRequest.h */ = {isa = PBXFileReference; fileEncoding = 4; lastKnownFileType = sourcecode.c.h; path = FSXMLHttpRequest.h; sourceTree = "<group>"; };
		AB9A42051ACC6EAD005C3BBB /* FSXMLHttpRequest.m */ = {isa = PBXFileReference; fileEncoding = 4; lastKnownFileType = sourcecode.c.objc; path = FSXMLHttpRequest.m; sourceTree = "<group>"; };
/* End PBXFileReference section */

/* Begin PBXFrameworksBuildPhase section */
		AB24883B1AC884B700F3A75F /* Frameworks */ = {
			isa = PBXFrameworksBuildPhase;
			buildActionMask = 2147483647;
			files = (
				AB7E1E131ACB0FA7006C0478 /* AVFoundation.framework in Frameworks */,
				AB7E1E111ACB0F65006C0478 /* AudioToolbox.framework in Frameworks */,
				AB7E1E0F1ACB0F17006C0478 /* AVKit.framework in Frameworks */,
			);
			runOnlyForDeploymentPostprocessing = 0;
		};
		AB2488521AC884B700F3A75F /* Frameworks */ = {
			isa = PBXFrameworksBuildPhase;
			buildActionMask = 2147483647;
			files = (
			);
			runOnlyForDeploymentPostprocessing = 0;
		};
/* End PBXFrameworksBuildPhase section */

/* Begin PBXGroup section */
		AB2488351AC884B700F3A75F = {
			isa = PBXGroup;
			children = (
				AB7E1E121ACB0FA7006C0478 /* AVFoundation.framework */,
				AB7E1E101ACB0F65006C0478 /* AudioToolbox.framework */,
				AB7E1E0E1ACB0F17006C0478 /* AVKit.framework */,
				AB2488401AC884B700F3A75F /* VibeKeyOpen */,
				AB2488581AC884B700F3A75F /* VibeKeyOpenTests */,
				AB24883F1AC884B700F3A75F /* Products */,
			);
			sourceTree = "<group>";
		};
		AB24883F1AC884B700F3A75F /* Products */ = {
			isa = PBXGroup;
			children = (
				AB24883E1AC884B700F3A75F /* VibeKeyOpen.app */,
				AB2488551AC884B700F3A75F /* VibeKeyOpenTests.xctest */,
			);
			name = Products;
			sourceTree = "<group>";
		};
		AB2488401AC884B700F3A75F /* VibeKeyOpen */ = {
			isa = PBXGroup;
			children = (
				AB2488431AC884B700F3A75F /* AppDelegate.swift */,
				AB2488451AC884B700F3A75F /* StationsViewController.swift */,
				AB2488471AC884B700F3A75F /* CalendarViewController.swift */,
				AB2488831AC89CB700F3A75F /* NowPlayingViewController.swift */,
				AB7E1E091ACB0BF8006C0478 /* RadioPlayerViewController.h */,
				AB7E1E0A1ACB0BF8006C0478 /* RadioPlayerViewController.m */,
				AB2488491AC884B700F3A75F /* Main.storyboard */,
				AB24884C1AC884B700F3A75F /* Images.xcassets */,
				AB24884E1AC884B700F3A75F /* LaunchScreen.xib */,
				AB9A41DB1ACC6DEE005C3BBB /* astreamer */,
				AB9A41F71ACC6EAD005C3BBB /* Common */,
				AB2488411AC884B700F3A75F /* Supporting Files */,
				AB2488651AC8888100F3A75F /* Resources */,
				AB7E1E081ACB0BF8006C0478 /* VibeKeyOpen-Bridging-Header.h */,
			);
			path = VibeKeyOpen;
			sourceTree = "<group>";
		};
		AB2488411AC884B700F3A75F /* Supporting Files */ = {
			isa = PBXGroup;
			children = (
				AB2488421AC884B700F3A75F /* Info.plist */,
			);
			name = "Supporting Files";
			sourceTree = "<group>";
		};
		AB2488581AC884B700F3A75F /* VibeKeyOpenTests */ = {
			isa = PBXGroup;
			children = (
				AB24885B1AC884B700F3A75F /* VibeKeyOpenTests.swift */,
				AB2488591AC884B700F3A75F /* Supporting Files */,
			);
			path = VibeKeyOpenTests;
			sourceTree = "<group>";
		};
		AB2488591AC884B700F3A75F /* Supporting Files */ = {
			isa = PBXGroup;
			children = (
				AB24885A1AC884B700F3A75F /* Info.plist */,
			);
			name = "Supporting Files";
			sourceTree = "<group>";
		};
		AB2488651AC8888100F3A75F /* Resources */ = {
			isa = PBXGroup;
			children = (
				AB7E1E0C1ACB0E3C006C0478 /* PayNoMind.mp3 */,
				AB24887B1AC89AC800F3A75F /* thumbs_down.png */,
				AB2488791AC89AC400F3A75F /* thumbs_up.png */,
				AB7E1E171ACB14EF006C0478 /* upvote.png */,
				AB7E1E191ACB1833006C0478 /* downvote.png */,
				AB24887D1AC89B9900F3A75F /* play_button.png */,
				AB24887F1AC89C5800F3A75F /* pause_button.png */,
				AB2488771AC897F300F3A75F /* wmhd.png */,
				AB2488731AC893A500F3A75F /* volume_off.png */,
				AB2488751AC893A900F3A75F /* volume_up.png */,
				AB2488711AC88E7D00F3A75F /* now_playing.png */,
				AB24886C1AC889BA00F3A75F /* radio.png */,
				AB24886E1AC88A7200F3A75F /* calendar.png */,
				AB595F731AC9ABFF00AB1141 /* search.png */,
				AB595F751AC9AC9A00AB1141 /* accounts.png */,
				AB595F771AC9AD9600AB1141 /* gears.png */,
			);
			name = Resources;
			sourceTree = "<group>";
		};
		AB9A41DB1ACC6DEE005C3BBB /* astreamer */ = {
			isa = PBXGroup;
			children = (
				AB9A41DC1ACC6DEE005C3BBB /* audio_queue.cpp */,
				AB9A41DD1ACC6DEE005C3BBB /* audio_queue.h */,
				AB9A41DE1ACC6DEE005C3BBB /* audio_stream.cpp */,
				AB9A41DF1ACC6DEE005C3BBB /* audio_stream.h */,
				AB9A41E01ACC6DEE005C3BBB /* caching_stream.cpp */,
				AB9A41E11ACC6DEE005C3BBB /* caching_stream.h */,
				AB9A41E21ACC6DEE005C3BBB /* file_output.cpp */,
				AB9A41E31ACC6DEE005C3BBB /* file_output.h */,
				AB9A41E41ACC6DEE005C3BBB /* file_stream.cpp */,
				AB9A41E51ACC6DEE005C3BBB /* file_stream.h */,
				AB9A41E61ACC6DEE005C3BBB /* http_stream.cpp */,
				AB9A41E71ACC6DEE005C3BBB /* http_stream.h */,
				AB9A41E81ACC6DEE005C3BBB /* id3_parser.cpp */,
				AB9A41E91ACC6DEE005C3BBB /* id3_parser.h */,
				AB9A41EA1ACC6DEE005C3BBB /* input_stream.cpp */,
				AB9A41EB1ACC6DEE005C3BBB /* input_stream.h */,
				AB9A41EC1ACC6DEE005C3BBB /* stream_configuration.cpp */,
				AB9A41ED1ACC6DEE005C3BBB /* stream_configuration.h */,
			);
			path = astreamer;
			sourceTree = "<group>";
		};
		AB9A41F71ACC6EAD005C3BBB /* Common */ = {
			isa = PBXGroup;
			children = (
				AB9A41F81ACC6EAD005C3BBB /* FSAudioController.h */,
				AB9A41F91ACC6EAD005C3BBB /* FSAudioController.m */,
				AB9A41FA1ACC6EAD005C3BBB /* FSAudioStream.h */,
				AB9A41FB1ACC6EAD005C3BBB /* FSAudioStream.mm */,
				AB9A41FC1ACC6EAD005C3BBB /* FSCheckContentTypeRequest.h */,
				AB9A41FD1ACC6EAD005C3BBB /* FSCheckContentTypeRequest.m */,
				AB9A41FE1ACC6EAD005C3BBB /* FSParsePlaylistRequest.h */,
				AB9A41FF1ACC6EAD005C3BBB /* FSParsePlaylistRequest.m */,
				AB9A42001ACC6EAD005C3BBB /* FSParseRssPodcastFeedRequest.h */,
				AB9A42011ACC6EAD005C3BBB /* FSParseRssPodcastFeedRequest.m */,
				AB9A42021ACC6EAD005C3BBB /* FSPlaylistItem.h */,
				AB9A42031ACC6EAD005C3BBB /* FSPlaylistItem.m */,
				AB9A42041ACC6EAD005C3BBB /* FSXMLHttpRequest.h */,
				AB9A42051ACC6EAD005C3BBB /* FSXMLHttpRequest.m */,
			);
			path = Common;
			sourceTree = "<group>";
		};
/* End PBXGroup section */

/* Begin PBXNativeTarget section */
		AB24883D1AC884B700F3A75F /* VibeKeyOpen */ = {
			isa = PBXNativeTarget;
			buildConfigurationList = AB24885F1AC884B700F3A75F /* Build configuration list for PBXNativeTarget "VibeKeyOpen" */;
			buildPhases = (
				AB24883A1AC884B700F3A75F /* Sources */,
				AB24883B1AC884B700F3A75F /* Frameworks */,
				AB24883C1AC884B700F3A75F /* Resources */,
			);
			buildRules = (
			);
			dependencies = (
			);
			name = VibeKeyOpen;
			productName = VibeKeyOpen;
			productReference = AB24883E1AC884B700F3A75F /* VibeKeyOpen.app */;
			productType = "com.apple.product-type.application";
		};
		AB2488541AC884B700F3A75F /* VibeKeyOpenTests */ = {
			isa = PBXNativeTarget;
			buildConfigurationList = AB2488621AC884B700F3A75F /* Build configuration list for PBXNativeTarget "VibeKeyOpenTests" */;
			buildPhases = (
				AB2488511AC884B700F3A75F /* Sources */,
				AB2488521AC884B700F3A75F /* Frameworks */,
				AB2488531AC884B700F3A75F /* Resources */,
			);
			buildRules = (
			);
			dependencies = (
				AB2488571AC884B700F3A75F /* PBXTargetDependency */,
			);
			name = VibeKeyOpenTests;
			productName = VibeKeyOpenTests;
			productReference = AB2488551AC884B700F3A75F /* VibeKeyOpenTests.xctest */;
			productType = "com.apple.product-type.bundle.unit-test";
		};
/* End PBXNativeTarget section */

/* Begin PBXProject section */
		AB2488361AC884B700F3A75F /* Project object */ = {
			isa = PBXProject;
			attributes = {
				LastUpgradeCheck = 0620;
				ORGANIZATIONNAME = "Jonathan Jungck";
				TargetAttributes = {
					AB24883D1AC884B700F3A75F = {
						CreatedOnToolsVersion = 6.2;
					};
					AB2488541AC884B700F3A75F = {
						CreatedOnToolsVersion = 6.2;
						TestTargetID = AB24883D1AC884B700F3A75F;
					};
				};
			};
			buildConfigurationList = AB2488391AC884B700F3A75F /* Build configuration list for PBXProject "VibeKeyOpen" */;
			compatibilityVersion = "Xcode 3.2";
			developmentRegion = English;
			hasScannedForEncodings = 0;
			knownRegions = (
				en,
				Base,
			);
			mainGroup = AB2488351AC884B700F3A75F;
			productRefGroup = AB24883F1AC884B700F3A75F /* Products */;
			projectDirPath = "";
			projectRoot = "";
			targets = (
				AB24883D1AC884B700F3A75F /* VibeKeyOpen */,
				AB2488541AC884B700F3A75F /* VibeKeyOpenTests */,
			);
		};
/* End PBXProject section */

/* Begin PBXResourcesBuildPhase section */
		AB24883C1AC884B700F3A75F /* Resources */ = {
			isa = PBXResourcesBuildPhase;
			buildActionMask = 2147483647;
			files = (
				AB7E1E181ACB14F0006C0478 /* upvote.png in Resources */,
				AB24884B1AC884B700F3A75F /* Main.storyboard in Resources */,
				AB2488721AC88E7D00F3A75F /* now_playing.png in Resources */,
				AB2488781AC897F300F3A75F /* wmhd.png in Resources */,
				AB595F741AC9AC0000AB1141 /* search.png in Resources */,
				AB2488801AC89C5800F3A75F /* pause_button.png in Resources */,
				AB24887A1AC89AC400F3A75F /* thumbs_up.png in Resources */,
				AB2488501AC884B700F3A75F /* LaunchScreen.xib in Resources */,
				AB595F761AC9AC9A00AB1141 /* accounts.png in Resources */,
				AB24886F1AC88A7200F3A75F /* calendar.png in Resources */,
				AB24887C1AC89AC800F3A75F /* thumbs_down.png in Resources */,
				AB24887E1AC89B9900F3A75F /* play_button.png in Resources */,
				AB2488761AC893A900F3A75F /* volume_up.png in Resources */,
				AB2488741AC893A500F3A75F /* volume_off.png in Resources */,
				AB24886D1AC889BA00F3A75F /* radio.png in Resources */,
				AB595F781AC9AD9600AB1141 /* gears.png in Resources */,
				AB7E1E1A1ACB1833006C0478 /* downvote.png in Resources */,
				AB24884D1AC884B700F3A75F /* Images.xcassets in Resources */,
				AB7E1E0D1ACB0E3C006C0478 /* PayNoMind.mp3 in Resources */,
			);
			runOnlyForDeploymentPostprocessing = 0;
		};
		AB2488531AC884B700F3A75F /* Resources */ = {
			isa = PBXResourcesBuildPhase;
			buildActionMask = 2147483647;
			files = (
			);
			runOnlyForDeploymentPostprocessing = 0;
		};
/* End PBXResourcesBuildPhase section */

/* Begin PBXSourcesBuildPhase section */
		AB24883A1AC884B700F3A75F /* Sources */ = {
			isa = PBXSourcesBuildPhase;
			buildActionMask = 2147483647;
			files = (
				AB9A42061ACC6EAD005C3BBB /* FSAudioController.m in Sources */,
				AB2488841AC89CB700F3A75F /* NowPlayingViewController.swift in Sources */,
				AB2488481AC884B700F3A75F /* CalendarViewController.swift in Sources */,
				AB9A41EF1ACC6DEE005C3BBB /* audio_stream.cpp in Sources */,
				AB9A41F11ACC6DEE005C3BBB /* file_output.cpp in Sources */,
				AB9A420B1ACC6EAD005C3BBB /* FSPlaylistItem.m in Sources */,
				AB9A41F51ACC6DEE005C3BBB /* input_stream.cpp in Sources */,
				AB9A41F01ACC6DEE005C3BBB /* caching_stream.cpp in Sources */,
				AB9A41EE1ACC6DEE005C3BBB /* audio_queue.cpp in Sources */,
				AB2488441AC884B700F3A75F /* AppDelegate.swift in Sources */,
				AB9A41F61ACC6DEE005C3BBB /* stream_configuration.cpp in Sources */,
				AB9A420A1ACC6EAD005C3BBB /* FSParseRssPodcastFeedRequest.m in Sources */,
				AB9A41F41ACC6DEE005C3BBB /* id3_parser.cpp in Sources */,
				AB9A41F21ACC6DEE005C3BBB /* file_stream.cpp in Sources */,
				AB9A42091ACC6EAD005C3BBB /* FSParsePlaylistRequest.m in Sources */,
				AB9A42081ACC6EAD005C3BBB /* FSCheckContentTypeRequest.m in Sources */,
				AB2488461AC884B700F3A75F /* StationsViewController.swift in Sources */,
				AB7E1E0B1ACB0BF8006C0478 /* RadioPlayerViewController.m in Sources */,
				AB9A420C1ACC6EAD005C3BBB /* FSXMLHttpRequest.m in Sources */,
				AB9A41F31ACC6DEE005C3BBB /* http_stream.cpp in Sources */,
				AB9A42071ACC6EAD005C3BBB /* FSAudioStream.mm in Sources */,
			);
			runOnlyForDeploymentPostprocessing = 0;
		};
		AB2488511AC884B700F3A75F /* Sources */ = {
			isa = PBXSourcesBuildPhase;
			buildActionMask = 2147483647;
			files = (
				AB24885C1AC884B700F3A75F /* VibeKeyOpenTests.swift in Sources */,
			);
			runOnlyForDeploymentPostprocessing = 0;
		};
/* End PBXSourcesBuildPhase section */

/* Begin PBXTargetDependency section */
		AB2488571AC884B700F3A75F /* PBXTargetDependency */ = {
			isa = PBXTargetDependency;
			target = AB24883D1AC884B700F3A75F /* VibeKeyOpen */;
			targetProxy = AB2488561AC884B700F3A75F /* PBXContainerItemProxy */;
		};
/* End PBXTargetDependency section */

/* Begin PBXVariantGroup section */
		AB2488491AC884B700F3A75F /* Main.storyboard */ = {
			isa = PBXVariantGroup;
			children = (
				AB24884A1AC884B700F3A75F /* Base */,
			);
			name = Main.storyboard;
			sourceTree = "<group>";
		};
		AB24884E1AC884B700F3A75F /* LaunchScreen.xib */ = {
			isa = PBXVariantGroup;
			children = (
				AB24884F1AC884B700F3A75F /* Base */,
			);
			name = LaunchScreen.xib;
			sourceTree = "<group>";
		};
/* End PBXVariantGroup section */

/* Begin XCBuildConfiguration section */
		AB24885D1AC884B700F3A75F /* Debug */ = {
			isa = XCBuildConfiguration;
			buildSettings = {
				ALWAYS_SEARCH_USER_PATHS = NO;
				CLANG_CXX_LANGUAGE_STANDARD = "gnu++0x";
				CLANG_CXX_LIBRARY = "libc++";
				CLANG_ENABLE_MODULES = YES;
				CLANG_ENABLE_OBJC_ARC = YES;
				CLANG_WARN_BOOL_CONVERSION = YES;
				CLANG_WARN_CONSTANT_CONVERSION = YES;
				CLANG_WARN_DIRECT_OBJC_ISA_USAGE = YES_ERROR;
				CLANG_WARN_EMPTY_BODY = YES;
				CLANG_WARN_ENUM_CONVERSION = YES;
				CLANG_WARN_INT_CONVERSION = YES;
				CLANG_WARN_OBJC_ROOT_CLASS = YES_ERROR;
				CLANG_WARN_UNREACHABLE_CODE = YES;
				CLANG_WARN__DUPLICATE_METHOD_MATCH = YES;
				"CODE_SIGN_IDENTITY[sdk=iphoneos*]" = "iPhone Developer";
				COPY_PHASE_STRIP = NO;
				ENABLE_STRICT_OBJC_MSGSEND = YES;
				GCC_C_LANGUAGE_STANDARD = gnu99;
				GCC_DYNAMIC_NO_PIC = NO;
				GCC_OPTIMIZATION_LEVEL = 0;
				GCC_PREPROCESSOR_DEFINITIONS = (
					"DEBUG=1",
					"$(inherited)",
				);
				GCC_SYMBOLS_PRIVATE_EXTERN = NO;
				GCC_WARN_64_TO_32_BIT_CONVERSION = YES;
				GCC_WARN_ABOUT_RETURN_TYPE = YES_ERROR;
				GCC_WARN_UNDECLARED_SELECTOR = YES;
				GCC_WARN_UNINITIALIZED_AUTOS = YES_AGGRESSIVE;
				GCC_WARN_UNUSED_FUNCTION = YES;
				GCC_WARN_UNUSED_VARIABLE = YES;
				IPHONEOS_DEPLOYMENT_TARGET = 8.2;
				MTL_ENABLE_DEBUG_INFO = YES;
				ONLY_ACTIVE_ARCH = YES;
				SDKROOT = iphoneos;
				SWIFT_OPTIMIZATION_LEVEL = "-Onone";
				TARGETED_DEVICE_FAMILY = "1,2";
			};
			name = Debug;
		};
		AB24885E1AC884B700F3A75F /* Release */ = {
			isa = XCBuildConfiguration;
			buildSettings = {
				ALWAYS_SEARCH_USER_PATHS = NO;
				CLANG_CXX_LANGUAGE_STANDARD = "gnu++0x";
				CLANG_CXX_LIBRARY = "libc++";
				CLANG_ENABLE_MODULES = YES;
				CLANG_ENABLE_OBJC_ARC = YES;
				CLANG_WARN_BOOL_CONVERSION = YES;
				CLANG_WARN_CONSTANT_CONVERSION = YES;
				CLANG_WARN_DIRECT_OBJC_ISA_USAGE = YES_ERROR;
				CLANG_WARN_EMPTY_BODY = YES;
				CLANG_WARN_ENUM_CONVERSION = YES;
				CLANG_WARN_INT_CONVERSION = YES;
				CLANG_WARN_OBJC_ROOT_CLASS = YES_ERROR;
				CLANG_WARN_UNREACHABLE_CODE = YES;
				CLANG_WARN__DUPLICATE_METHOD_MATCH = YES;
				"CODE_SIGN_IDENTITY[sdk=iphoneos*]" = "iPhone Developer";
				COPY_PHASE_STRIP = NO;
				ENABLE_NS_ASSERTIONS = NO;
				ENABLE_STRICT_OBJC_MSGSEND = YES;
				GCC_C_LANGUAGE_STANDARD = gnu99;
				GCC_WARN_64_TO_32_BIT_CONVERSION = YES;
				GCC_WARN_ABOUT_RETURN_TYPE = YES_ERROR;
				GCC_WARN_UNDECLARED_SELECTOR = YES;
				GCC_WARN_UNINITIALIZED_AUTOS = YES_AGGRESSIVE;
				GCC_WARN_UNUSED_FUNCTION = YES;
				GCC_WARN_UNUSED_VARIABLE = YES;
				IPHONEOS_DEPLOYMENT_TARGET = 8.2;
				MTL_ENABLE_DEBUG_INFO = NO;
				SDKROOT = iphoneos;
				TARGETED_DEVICE_FAMILY = "1,2";
				VALIDATE_PRODUCT = YES;
			};
			name = Release;
		};
		AB2488601AC884B700F3A75F /* Debug */ = {
			isa = XCBuildConfiguration;
			buildSettings = {
				ASSETCATALOG_COMPILER_APPICON_NAME = AppIcon;
				CLANG_ENABLE_MODULES = YES;
				INFOPLIST_FILE = VibeKeyOpen/Info.plist;
				LD_RUNPATH_SEARCH_PATHS = "$(inherited) @executable_path/Frameworks";
				PRODUCT_NAME = "$(TARGET_NAME)";
				SWIFT_OBJC_BRIDGING_HEADER = "VibeKeyOpen/VibeKeyOpen-Bridging-Header.h";
				SWIFT_OPTIMIZATION_LEVEL = "-Onone";
			};
			name = Debug;
		};
		AB2488611AC884B700F3A75F /* Release */ = {
			isa = XCBuildConfiguration;
			buildSettings = {
				ASSETCATALOG_COMPILER_APPICON_NAME = AppIcon;
				CLANG_ENABLE_MODULES = YES;
				INFOPLIST_FILE = VibeKeyOpen/Info.plist;
				LD_RUNPATH_SEARCH_PATHS = "$(inherited) @executable_path/Frameworks";
				PRODUCT_NAME = "$(TARGET_NAME)";
				SWIFT_OBJC_BRIDGING_HEADER = "VibeKeyOpen/VibeKeyOpen-Bridging-Header.h";
			};
			name = Release;
		};
		AB2488631AC884B700F3A75F /* Debug */ = {
			isa = XCBuildConfiguration;
			buildSettings = {
				BUNDLE_LOADER = "$(TEST_HOST)";
				FRAMEWORK_SEARCH_PATHS = (
					"$(SDKROOT)/Developer/Library/Frameworks",
					"$(inherited)",
				);
				GCC_PREPROCESSOR_DEFINITIONS = (
					"DEBUG=1",
					"$(inherited)",
				);
				INFOPLIST_FILE = VibeKeyOpenTests/Info.plist;
				LD_RUNPATH_SEARCH_PATHS = "$(inherited) @executable_path/Frameworks @loader_path/Frameworks";
				PRODUCT_NAME = "$(TARGET_NAME)";
				TEST_HOST = "$(BUILT_PRODUCTS_DIR)/VibeKeyOpen.app/VibeKeyOpen";
			};
			name = Debug;
		};
		AB2488641AC884B700F3A75F /* Release */ = {
			isa = XCBuildConfiguration;
			buildSettings = {
				BUNDLE_LOADER = "$(TEST_HOST)";
				FRAMEWORK_SEARCH_PATHS = (
					"$(SDKROOT)/Developer/Library/Frameworks",
					"$(inherited)",
				);
				INFOPLIST_FILE = VibeKeyOpenTests/Info.plist;
				LD_RUNPATH_SEARCH_PATHS = "$(inherited) @executable_path/Frameworks @loader_path/Frameworks";
				PRODUCT_NAME = "$(TARGET_NAME)";
				TEST_HOST = "$(BUILT_PRODUCTS_DIR)/VibeKeyOpen.app/VibeKeyOpen";
			};
			name = Release;
		};
/* End XCBuildConfiguration section */

/* Begin XCConfigurationList section */
		AB2488391AC884B700F3A75F /* Build configuration list for PBXProject "VibeKeyOpen" */ = {
			isa = XCConfigurationList;
			buildConfigurations = (
				AB24885D1AC884B700F3A75F /* Debug */,
				AB24885E1AC884B700F3A75F /* Release */,
			);
			defaultConfigurationIsVisible = 0;
			defaultConfigurationName = Release;
		};
		AB24885F1AC884B700F3A75F /* Build configuration list for PBXNativeTarget "VibeKeyOpen" */ = {
			isa = XCConfigurationList;
			buildConfigurations = (
				AB2488601AC884B700F3A75F /* Debug */,
				AB2488611AC884B700F3A75F /* Release */,
			);
			defaultConfigurationIsVisible = 0;
			defaultConfigurationName = Release;
		};
		AB2488621AC884B700F3A75F /* Build configuration list for PBXNativeTarget "VibeKeyOpenTests" */ = {
			isa = XCConfigurationList;
			buildConfigurations = (
				AB2488631AC884B700F3A75F /* Debug */,
				AB2488641AC884B700F3A75F /* Release */,
			);
			defaultConfigurationIsVisible = 0;
			defaultConfigurationName = Release;
		};
/* End XCConfigurationList section */
	};
	rootObject = AB2488361AC884B700F3A75F /* Project object */;
}
